
Microsoft Visual Studio Solution File, Format Version 12.00
# Visual Studio Version 16
VisualStudioVersion = 16.0.31729.503
MinimumVisualStudioVersion = 10.0.40219.1
Project("{9A19103F-16F7-4668-BE54-9A1E7A4F7556}") = "HL7Reproduce", "HL7Reproduce\HL7Reproduce.csproj", "{42584B08-89B9-448B-B7CB-9A879F155CC3}"
EndProject
Project("{FAE04EC0-301F-11D3-BF4B-00C04F79EFBC}") = "ValidMessage", "ValidMessage\ValidMessage.csproj", "{3C97493E-B70B-4F2A-A725-8335C8F83385}"
EndProject
Global
	GlobalSection(SolutionConfigurationPlatforms) = preSolution
		Debug|Any CPU = Debug|Any CPU
		Release|Any CPU = Release|Any CPU
	EndGlobalSection
	GlobalSection(ProjectConfigurationPlatforms) = postSolution
		{42584B08-89B9-448B-B7CB-9A879F155CC3}.Debug|Any CPU.ActiveCfg = Debug|Any CPU
		{42584B08-89B9-448B-B7CB-9A879F155CC3}.Debug|Any CPU.Build.0 = Debug|Any CPU
		{42584B08-89B9-448B-B7CB-9A879F155CC3}.Release|Any CPU.ActiveCfg = Release|Any CPU
		{42584B08-89B9-448B-B7CB-9A879F155CC3}.Release|Any CPU.Build.0 = Release|Any CPU
		{3C97493E-B70B-4F2A-A725-8335C8F83385}.Debug|Any CPU.ActiveCfg = Debug|Any CPU
		{3C97493E-B70B-4F2A-A725-8335C8F83385}.Debug|Any CPU.Build.0 = Debug|Any CPU
		{3C97493E-B70B-4F2A-A725-8335C8F83385}.Release|Any CPU.ActiveCfg = Release|Any CPU
		{3C97493E-B70B-4F2A-A725-8335C8F83385}.Release|Any CPU.Build.0 = Release|Any CPU
	EndGlobalSection
	GlobalSection(SolutionProperties) = preSolution
		HideSolutionNode = FALSE
	EndGlobalSection
	GlobalSection(ExtensibilityGlobals) = postSolution
		SolutionGuid = {6A947D5A-74B6-4AE7-9F9E-2043269CD033}
	EndGlobalSection
EndGlobal
